
Microsoft Visual Studio Solution File, Format Version 12.00
# Visual Studio Version 16
VisualStudioVersion = 16.0.29613.14
MinimumVisualStudioVersion = 10.0.40219.1
Project("{FAE04EC0-301F-11D3-BF4B-00C04F79EFBC}") = "GetText", "GetText\GetText.csproj", "{9B6319B8-FC5F-41AF-8DA9-80EE4964F480}"
EndProject
Project("{FAE04EC0-301F-11D3-BF4B-00C04F79EFBC}") = "ReoGrid", "..\ReoGrid\ReoGrid.csproj", "{8B62357A-ABBC-4DB0-8633-F1D6A6C1EA53}"
EndProject
Global
	GlobalSection(SolutionConfigurationPlatforms) = preSolution
		Debug|Any CPU = Debug|Any CPU
		DebugAndroid|Any CPU = DebugAndroid|Any CPU
		DebugiOS|Any CPU = DebugiOS|Any CPU
		Extension|Any CPU = Extension|Any CPU
		Minimum|Any CPU = Minimum|Any CPU
		Release|Any CPU = Release|Any CPU
		WPFDebug|Any CPU = WPFDebug|Any CPU
		WPFExtension|Any CPU = WPFExtension|Any CPU
		WPFMinimum|Any CPU = WPFMinimum|Any CPU
		WPFRelease|Any CPU = WPFRelease|Any CPU
	EndGlobalSection
	GlobalSection(ProjectConfigurationPlatforms) = postSolution
		{9B6319B8-FC5F-41AF-8DA9-80EE4964F480}.Debug|Any CPU.ActiveCfg = Debug|Any CPU
		{9B6319B8-FC5F-41AF-8DA9-80EE4964F480}.Debug|Any CPU.Build.0 = Debug|Any CPU
		{9B6319B8-FC5F-41AF-8DA9-80EE4964F480}.DebugAndroid|Any CPU.ActiveCfg = Debug|Any CPU
		{9B6319B8-FC5F-41AF-8DA9-80EE4964F480}.DebugAndroid|Any CPU.Build.0 = Debug|Any CPU
		{9B6319B8-FC5F-41AF-8DA9-80EE4964F480}.DebugiOS|Any CPU.ActiveCfg = Debug|Any CPU
		{9B6319B8-FC5F-41AF-8DA9-80EE4964F480}.DebugiOS|Any CPU.Build.0 = Debug|Any CPU
		{9B6319B8-FC5F-41AF-8DA9-80EE4964F480}.Extension|Any CPU.ActiveCfg = Release|Any CPU
		{9B6319B8-FC5F-41AF-8DA9-80EE4964F480}.Extension|Any CPU.Build.0 = Release|Any CPU
		{9B6319B8-FC5F-41AF-8DA9-80EE4964F480}.Minimum|Any CPU.ActiveCfg = Release|Any CPU
		{9B6319B8-FC5F-41AF-8DA9-80EE4964F480}.Minimum|Any CPU.Build.0 = Release|Any CPU
		{9B6319B8-FC5F-41AF-8DA9-80EE4964F480}.Release|Any CPU.ActiveCfg = Release|Any CPU
		{9B6319B8-FC5F-41AF-8DA9-80EE4964F480}.Release|Any CPU.Build.0 = Release|Any CPU
		{9B6319B8-FC5F-41AF-8DA9-80EE4964F480}.WPFDebug|Any CPU.ActiveCfg = Debug|Any CPU
		{9B6319B8-FC5F-41AF-8DA9-80EE4964F480}.WPFDebug|Any CPU.Build.0 = Debug|Any CPU
		{9B6319B8-FC5F-41AF-8DA9-80EE4964F480}.WPFExtension|Any CPU.ActiveCfg = Release|Any CPU
		{9B6319B8-FC5F-41AF-8DA9-80EE4964F480}.WPFExtension|Any CPU.Build.0 = Release|Any CPU
		{9B6319B8-FC5F-41AF-8DA9-80EE4964F480}.WPFMinimum|Any CPU.ActiveCfg = Release|Any CPU
		{9B6319B8-FC5F-41AF-8DA9-80EE4964F480}.WPFMinimum|Any CPU.Build.0 = Release|Any CPU
		{9B6319B8-FC5F-41AF-8DA9-80EE4964F480}.WPFRelease|Any CPU.ActiveCfg = Release|Any CPU
		{9B6319B8-FC5F-41AF-8DA9-80EE4964F480}.WPFRelease|Any CPU.Build.0 = Release|Any CPU
		{8B62357A-ABBC-4DB0-8633-F1D6A6C1EA53}.Debug|Any CPU.ActiveCfg = Debug|Any CPU
		{8B62357A-ABBC-4DB0-8633-F1D6A6C1EA53}.Debug|Any CPU.Build.0 = Debug|Any CPU
		{8B62357A-ABBC-4DB0-8633-F1D6A6C1EA53}.DebugAndroid|Any CPU.ActiveCfg = DebugAndroid|Any CPU
		{8B62357A-ABBC-4DB0-8633-F1D6A6C1EA53}.DebugAndroid|Any CPU.Build.0 = DebugAndroid|Any CPU
		{8B62357A-ABBC-4DB0-8633-F1D6A6C1EA53}.DebugiOS|Any CPU.ActiveCfg = DebugiOS|Any CPU
		{8B62357A-ABBC-4DB0-8633-F1D6A6C1EA53}.DebugiOS|Any CPU.Build.0 = DebugiOS|Any CPU
		{8B62357A-ABBC-4DB0-8633-F1D6A6C1EA53}.Extension|Any CPU.ActiveCfg = Extension|Any CPU
		{8B62357A-ABBC-4DB0-8633-F1D6A6C1EA53}.Extension|Any CPU.Build.0 = Extension|Any CPU
		{8B62357A-ABBC-4DB0-8633-F1D6A6C1EA53}.Minimum|Any CPU.ActiveCfg = Minimum|Any CPU
		{8B62357A-ABBC-4DB0-8633-F1D6A6C1EA53}.Minimum|Any CPU.Build.0 = Minimum|Any CPU
		{8B62357A-ABBC-4DB0-8633-F1D6A6C1EA53}.Release|Any CPU.ActiveCfg = Release|Any CPU
		{8B62357A-ABBC-4DB0-8633-F1D6A6C1EA53}.Release|Any CPU.Build.0 = Release|Any CPU
		{8B62357A-ABBC-4DB0-8633-F1D6A6C1EA53}.WPFDebug|Any CPU.ActiveCfg = WPFDebug|Any CPU
		{8B62357A-ABBC-4DB0-8633-F1D6A6C1EA53}.WPFDebug|Any CPU.Build.0 = WPFDebug|Any CPU
		{8B62357A-ABBC-4DB0-8633-F1D6A6C1EA53}.WPFExtension|Any CPU.ActiveCfg = WPFExtension|Any CPU
		{8B62357A-ABBC-4DB0-8633-F1D6A6C1EA53}.WPFExtension|Any CPU.Build.0 = WPFExtension|Any CPU
		{8B62357A-ABBC-4DB0-8633-F1D6A6C1EA53}.WPFMinimum|Any CPU.ActiveCfg = WPFMinimum|Any CPU
		{8B62357A-ABBC-4DB0-8633-F1D6A6C1EA53}.WPFMinimum|Any CPU.Build.0 = WPFMinimum|Any CPU
		{8B62357A-ABBC-4DB0-8633-F1D6A6C1EA53}.WPFRelease|Any CPU.ActiveCfg = WPFRelease|Any CPU
		{8B62357A-ABBC-4DB0-8633-F1D6A6C1EA53}.WPFRelease|Any CPU.Build.0 = WPFRelease|Any CPU
	EndGlobalSection
	GlobalSection(SolutionProperties) = preSolution
		HideSolutionNode = FALSE
	EndGlobalSection
	GlobalSection(ExtensibilityGlobals) = postSolution
		SolutionGuid = {6599C5D6-EC1A-4322-A16F-02C4D838E567}
	EndGlobalSection
EndGlobal
